
Microsoft Visual Studio Solution File, Format Version 12.00
# Visual Studio Version 17
VisualStudioVersion = 17.8.34330.188
MinimumVisualStudioVersion = 10.0.40219.1
Project("{54A90642-561A-4BB1-A94E-469ADEE60C69}") = "AngularProject", "AngularProject.esproj", "{41144E4E-C1F1-4E66-902B-A1939FD74405}"
EndProject
Project("{9A19103F-16F7-4668-BE54-9A1E7A4F7556}") = "ModelProject", "..\ModelProject\ModelProject.csproj", "{B95EBE3F-BCD1-43A8-8CFA-16EAC49B10AB}"
EndProject
Project("{FAE04EC0-301F-11D3-BF4B-00C04F79EFBC}") = "ApiProject", "..\ApiProject\ApiProject.csproj", "{5BA21FAD-EE83-414C-AC63-55AAB61D274D}"
EndProject
Global
	GlobalSection(SolutionConfigurationPlatforms) = preSolution
		Debug|Any CPU = Debug|Any CPU
		Release|Any CPU = Release|Any CPU
	EndGlobalSection
	GlobalSection(ProjectConfigurationPlatforms) = postSolution
		{41144E4E-C1F1-4E66-902B-A1939FD74405}.Debug|Any CPU.ActiveCfg = Debug|Any CPU
		{41144E4E-C1F1-4E66-902B-A1939FD74405}.Debug|Any CPU.Build.0 = Debug|Any CPU
		{41144E4E-C1F1-4E66-902B-A1939FD74405}.Debug|Any CPU.Deploy.0 = Debug|Any CPU
		{41144E4E-C1F1-4E66-902B-A1939FD74405}.Release|Any CPU.ActiveCfg = Release|Any CPU
		{41144E4E-C1F1-4E66-902B-A1939FD74405}.Release|Any CPU.Build.0 = Release|Any CPU
		{41144E4E-C1F1-4E66-902B-A1939FD74405}.Release|Any CPU.Deploy.0 = Release|Any CPU
		{B95EBE3F-BCD1-43A8-8CFA-16EAC49B10AB}.Debug|Any CPU.ActiveCfg = Debug|Any CPU
		{B95EBE3F-BCD1-43A8-8CFA-16EAC49B10AB}.Debug|Any CPU.Build.0 = Debug|Any CPU
		{B95EBE3F-BCD1-43A8-8CFA-16EAC49B10AB}.Release|Any CPU.ActiveCfg = Release|Any CPU
		{B95EBE3F-BCD1-43A8-8CFA-16EAC49B10AB}.Release|Any CPU.Build.0 = Release|Any CPU
		{5BA21FAD-EE83-414C-AC63-55AAB61D274D}.Debug|Any CPU.ActiveCfg = Debug|Any CPU
		{5BA21FAD-EE83-414C-AC63-55AAB61D274D}.Debug|Any CPU.Build.0 = Debug|Any CPU
		{5BA21FAD-EE83-414C-AC63-55AAB61D274D}.Release|Any CPU.ActiveCfg = Release|Any CPU
		{5BA21FAD-EE83-414C-AC63-55AAB61D274D}.Release|Any CPU.Build.0 = Release|Any CPU
	EndGlobalSection
	GlobalSection(SolutionProperties) = preSolution
		HideSolutionNode = FALSE
	EndGlobalSection
	GlobalSection(ExtensibilityGlobals) = postSolution
		SolutionGuid = {2D6CF169-498F-4296-89E5-244C09B146A5}
	EndGlobalSection
EndGlobal
